// !$*UTF8*$!
{
	archiveVersion = 1;
	classes = {
	};
	objectVersion = 48;
	objects = {

/* Begin PBXBuildFile section */
		DB34ED8B1F775D97004A1127 /* EditViewController.swift in Sources */ = {isa = PBXBuildFile; fileRef = DB34ED8A1F775D97004A1127 /* EditViewController.swift */; };
		DB3CFC161F772E4C0003FAC0 /* AppDelegate.swift in Sources */ = {isa = PBXBuildFile; fileRef = DB3CFC151F772E4C0003FAC0 /* AppDelegate.swift */; };
		DB3CFC181F772E4C0003FAC0 /* ViewController.swift in Sources */ = {isa = PBXBuildFile; fileRef = DB3CFC171F772E4C0003FAC0 /* ViewController.swift */; };
		DB3CFC1B1F772E4C0003FAC0 /* Main.storyboard in Resources */ = {isa = PBXBuildFile; fileRef = DB3CFC191F772E4C0003FAC0 /* Main.storyboard */; };
		DB3CFC1E1F772E4C0003FAC0 /* _4sep.xcdatamodeld in Sources */ = {isa = PBXBuildFile; fileRef = DB3CFC1C1F772E4C0003FAC0 /* _4sep.xcdatamodeld */; };
		DB3CFC201F772E4C0003FAC0 /* Assets.xcassets in Resources */ = {isa = PBXBuildFile; fileRef = DB3CFC1F1F772E4C0003FAC0 /* Assets.xcassets */; };
		DB3CFC231F772E4C0003FAC0 /* LaunchScreen.storyboard in Resources */ = {isa = PBXBuildFile; fileRef = DB3CFC211F772E4C0003FAC0 /* LaunchScreen.storyboard */; };
		DB3CFC2B1F7732380003FAC0 /* myTableViewController.swift in Sources */ = {isa = PBXBuildFile; fileRef = DB3CFC2A1F7732380003FAC0 /* myTableViewController.swift */; };
/* End PBXBuildFile section */

/* Begin PBXFileReference section */
		DB34ED8A1F775D97004A1127 /* EditViewController.swift */ = {isa = PBXFileReference; lastKnownFileType = sourcecode.swift; path = EditViewController.swift; sourceTree = "<group>"; };
		DB3CFC121F772E4B0003FAC0 /* 24sep.app */ = {isa = PBXFileReference; explicitFileType = wrapper.application; includeInIndex = 0; path = 24sep.app; sourceTree = BUILT_PRODUCTS_DIR; };
		DB3CFC151F772E4C0003FAC0 /* AppDelegate.swift */ = {isa = PBXFileReference; lastKnownFileType = sourcecode.swift; path = AppDelegate.swift; sourceTree = "<group>"; };
		DB3CFC171F772E4C0003FAC0 /* ViewController.swift */ = {isa = PBXFileReference; lastKnownFileType = sourcecode.swift; path = ViewController.swift; sourceTree = "<group>"; };
		DB3CFC1A1F772E4C0003FAC0 /* Base */ = {isa = PBXFileReference; lastKnownFileType = file.storyboard; name = Base; path = Base.lproj/Main.storyboard; sourceTree = "<group>"; };
		DB3CFC1D1F772E4C0003FAC0 /* _4sep.xcdatamodel */ = {isa = PBXFileReference; lastKnownFileType = wrapper.xcdatamodel; path = _4sep.xcdatamodel; sourceTree = "<group>"; };
		DB3CFC1F1F772E4C0003FAC0 /* Assets.xcassets */ = {isa = PBXFileReference; lastKnownFileType = folder.assetcatalog; path = Assets.xcassets; sourceTree = "<group>"; };
		DB3CFC221F772E4C0003FAC0 /* Base */ = {isa = PBXFileReference; lastKnownFileType = file.storyboard; name = Base; path = Base.lproj/LaunchScreen.storyboard; sourceTree = "<group>"; };
		DB3CFC241F772E4C0003FAC0 /* Info.plist */ = {isa = PBXFileReference; lastKnownFileType = text.plist.xml; path = Info.plist; sourceTree = "<group>"; };
		DB3CFC2A1F7732380003FAC0 /* myTableViewController.swift */ = {isa = PBXFileReference; lastKnownFileType = sourcecode.swift; path = myTableViewController.swift; sourceTree = "<group>"; };
/* End PBXFileReference section */

/* Begin PBXFrameworksBuildPhase section */
		DB3CFC0F1F772E4B0003FAC0 /* Frameworks */ = {
			isa = PBXFrameworksBuildPhase;
			buildActionMask = 2147483647;
			files = (
			);
			runOnlyForDeploymentPostprocessing = 0;
		};
/* End PBXFrameworksBuildPhase section */

/* Begin PBXGroup section */
		DB3CFC091F772E4B0003FAC0 = {
			isa = PBXGroup;
			children = (
				DB3CFC141F772E4B0003FAC0 /* 24sep */,
				DB3CFC131F772E4B0003FAC0 /* Products */,
			);
			sourceTree = "<group>";
		};
		DB3CFC131F772E4B0003FAC0 /* Products */ = {
			isa = PBXGroup;
			children = (
				DB3CFC121F772E4B0003FAC0 /* 24sep.app */,
			);
			name = Products;
			sourceTree = "<group>";
		};
		DB3CFC141F772E4B0003FAC0 /* 24sep */ = {
			isa = PBXGroup;
			children = (
				DB3CFC151F772E4C0003FAC0 /* AppDelegate.swift */,
				DB3CFC191F772E4C0003FAC0 /* Main.storyboard */,
				DB34ED8A1F775D97004A1127 /* EditViewController.swift */,
				DB3CFC171F772E4C0003FAC0 /* ViewController.swift */,
				DB3CFC2A1F7732380003FAC0 /* myTableViewController.swift */,
				DB3CFC1F1F772E4C0003FAC0 /* Assets.xcassets */,
				DB3CFC211F772E4C0003FAC0 /* LaunchScreen.storyboard */,
				DB3CFC241F772E4C0003FAC0 /* Info.plist */,
				DB3CFC1C1F772E4C0003FAC0 /* _4sep.xcdatamodeld */,
			);
			path = 24sep;
			sourceTree = "<group>";
		};
/* End PBXGroup section */

/* Begin PBXNativeTarget section */
		DB3CFC111F772E4B0003FAC0 /* 24sep */ = {
			isa = PBXNativeTarget;
			buildConfigurationList = DB3CFC271F772E4C0003FAC0 /* Build configuration list for PBXNativeTarget "24sep" */;
			buildPhases = (
				DB3CFC0E1F772E4B0003FAC0 /* Sources */,
				DB3CFC0F1F772E4B0003FAC0 /* Frameworks */,
				DB3CFC101F772E4B0003FAC0 /* Resources */,
			);
			buildRules = (
			);
			dependencies = (
			);
			name = 24sep;
			productName = 24sep;
			productReference = DB3CFC121F772E4B0003FAC0 /* 24sep.app */;
			productType = "com.apple.product-type.application";
		};
/* End PBXNativeTarget section */

/* Begin PBXProject section */
		DB3CFC0A1F772E4B0003FAC0 /* Project object */ = {
			isa = PBXProject;
			attributes = {
				LastSwiftUpdateCheck = 0900;
				LastUpgradeCheck = 0900;
				ORGANIZATIONNAME = dilipGurjar;
				TargetAttributes = {
					DB3CFC111F772E4B0003FAC0 = {
						CreatedOnToolsVersion = 9.0;
						ProvisioningStyle = Automatic;
					};
				};
			};
			buildConfigurationList = DB3CFC0D1F772E4B0003FAC0 /* Build configuration list for PBXProject "24sep" */;
			compatibilityVersion = "Xcode 8.0";
			developmentRegion = en;
			hasScannedForEncodings = 0;
			knownRegions = (
				en,
				Base,
			);
			mainGroup = DB3CFC091F772E4B0003FAC0;
			productRefGroup = DB3CFC131F772E4B0003FAC0 /* Products */;
			projectDirPath = "";
			projectRoot = "";
			targets = (
				DB3CFC111F772E4B0003FAC0 /* 24sep */,
			);
		};
/* End PBXProject section */

/* Begin PBXResourcesBuildPhase section */
		DB3CFC101F772E4B0003FAC0 /* Resources */ = {
			isa = PBXResourcesBuildPhase;
			buildActionMask = 2147483647;
			files = (
				DB3CFC231F772E4C0003FAC0 /* LaunchScreen.storyboard in Resources */,
				DB3CFC201F772E4C0003FAC0 /* Assets.xcassets in Resources */,
				DB3CFC1B1F772E4C0003FAC0 /* Main.storyboard in Resources */,
			);
			runOnlyForDeploymentPostprocessing = 0;
		};
/* End PBXResourcesBuildPhase section */

/* Begin PBXSourcesBuildPhase section */
		DB3CFC0E1F772E4B0003FAC0 /* Sources */ = {
			isa = PBXSourcesBuildPhase;
			buildActionMask = 2147483647;
			files = (
				DB34ED8B1F775D97004A1127 /* EditViewController.swift in Sources */,
				DB3CFC1E1F772E4C0003FAC0 /* _4sep.xcdatamodeld in Sources */,
				DB3CFC181F772E4C0003FAC0 /* ViewController.swift in Sources */,
				DB3CFC161F772E4C0003FAC0 /* AppDelegate.swift in Sources */,
				DB3CFC2B1F7732380003FAC0 /* myTableViewController.swift in Sources */,
			);
			runOnlyForDeploymentPostprocessing = 0;
		};
/* End PBXSourcesBuildPhase section */

/* Begin PBXVariantGroup section */
		DB3CFC191F772E4C0003FAC0 /* Main.storyboard */ = {
			isa = PBXVariantGroup;
			children = (
				DB3CFC1A1F772E4C0003FAC0 /* Base */,
			);
			name = Main.storyboard;
			sourceTree = "<group>";
		};
		DB3CFC211F772E4C0003FAC0 /* LaunchScreen.storyboard */ = {
			isa = PBXVariantGroup;
			children = (
				DB3CFC221F772E4C0003FAC0 /* Base */,
			);
			name = LaunchScreen.storyboard;
			sourceTree = "<group>";
		};
/* End PBXVariantGroup section */

/* Begin XCBuildConfiguration section */
		DB3CFC251F772E4C0003FAC0 /* Debug */ = {
			isa = XCBuildConfiguration;
			buildSettings = {
				ALWAYS_SEARCH_USER_PATHS = NO;
				CLANG_ANALYZER_NONNULL = YES;
				CLANG_ANALYZER_NUMBER_OBJECT_CONVERSION = YES_AGGRESSIVE;
				CLANG_CXX_LANGUAGE_STANDARD = "gnu++14";
				CLANG_CXX_LIBRARY = "libc++";
				CLANG_ENABLE_MODULES = YES;
				CLANG_ENABLE_OBJC_ARC = YES;
				CLANG_WARN_BLOCK_CAPTURE_AUTORELEASING = YES;
				CLANG_WARN_BOOL_CONVERSION = YES;
				CLANG_WARN_COMMA = YES;
				CLANG_WARN_CONSTANT_CONVERSION = YES;
				CLANG_WARN_DIRECT_OBJC_ISA_USAGE = YES_ERROR;
				CLANG_WARN_DOCUMENTATION_COMMENTS = YES;
				CLANG_WARN_EMPTY_BODY = YES;
				CLANG_WARN_ENUM_CONVERSION = YES;
				CLANG_WARN_INFINITE_RECURSION = YES;
				CLANG_WARN_INT_CONVERSION = YES;
				CLANG_WARN_NON_LITERAL_NULL_CONVERSION = YES;
				CLANG_WARN_OBJC_LITERAL_CONVERSION = YES;
				CLANG_WARN_OBJC_ROOT_CLASS = YES_ERROR;
				CLANG_WARN_RANGE_LOOP_ANALYSIS = YES;
				CLANG_WARN_STRICT_PROTOTYPES = YES;
				CLANG_WARN_SUSPICIOUS_MOVE = YES;
				CLANG_WARN_UNGUARDED_AVAILABILITY = YES_AGGRESSIVE;
				CLANG_WARN_UNREACHABLE_CODE = YES;
				CLANG_WARN__DUPLICATE_METHOD_MATCH = YES;
				CODE_SIGN_IDENTITY = "iPhone Developer";
				COPY_PHASE_STRIP = NO;
				DEBUG_INFORMATION_FORMAT = dwarf;
				ENABLE_STRICT_OBJC_MSGSEND = YES;
				ENABLE_TESTABILITY = YES;
				GCC_C_LANGUAGE_STANDARD = gnu11;
				GCC_DYNAMIC_NO_PIC = NO;
				GCC_NO_COMMON_BLOCKS = YES;
				GCC_OPTIMIZATION_LEVEL = 0;
				GCC_PREPROCESSOR_DEFINITIONS = (
					"DEBUG=1",
					"$(inherited)",
				);
				GCC_WARN_64_TO_32_BIT_CONVERSION = YES;
				GCC_WARN_ABOUT_RETURN_TYPE = YES_ERROR;
				GCC_WARN_UNDECLARED_SELECTOR = YES;
				GCC_WARN_UNINITIALIZED_AUTOS = YES_AGGRESSIVE;
				GCC_WARN_UNUSED_FUNCTION = YES;
				GCC_WARN_UNUSED_VARIABLE = YES;
				IPHONEOS_DEPLOYMENT_TARGET = 11.0;
				MTL_ENABLE_DEBUG_INFO = YES;
				ONLY_ACTIVE_ARCH = YES;
				SDKROOT = iphoneos;
				SWIFT_ACTIVE_COMPILATION_CONDITIONS = DEBUG;
				SWIFT_OPTIMIZATION_LEVEL = "-Onone";
			};
			name = Debug;
		};
		DB3CFC261F772E4C0003FAC0 /* Release */ = {
			isa = XCBuildConfiguration;
			buildSettings = {
				ALWAYS_SEARCH_USER_PATHS = NO;
				CLANG_ANALYZER_NONNULL = YES;
				CLANG_ANALYZER_NUMBER_OBJECT_CONVERSION = YES_AGGRESSIVE;
				CLANG_CXX_LANGUAGE_STANDARD = "gnu++14";
				CLANG_CXX_LIBRARY = "libc++";
				CLANG_ENABLE_MODULES = YES;
				CLANG_ENABLE_OBJC_ARC = YES;
				CLANG_WARN_BLOCK_CAPTURE_AUTORELEASING = YES;
				CLANG_WARN_BOOL_CONVERSION = YES;
				CLANG_WARN_COMMA = YES;
				CLANG_WARN_CONSTANT_CONVERSION = YES;
				CLANG_WARN_DIRECT_OBJC_ISA_USAGE = YES_ERROR;
				CLANG_WARN_DOCUMENTATION_COMMENTS = YES;
				CLANG_WARN_EMPTY_BODY = YES;
				CLANG_WARN_ENUM_CONVERSION = YES;
				CLANG_WARN_INFINITE_RECURSION = YES;
				CLANG_WARN_INT_CONVERSION = YES;
				CLANG_WARN_NON_LITERAL_NULL_CONVERSION = YES;
				CLANG_WARN_OBJC_LITERAL_CONVERSION = YES;
				CLANG_WARN_OBJC_ROOT_CLASS = YES_ERROR;
				CLANG_WARN_RANGE_LOOP_ANALYSIS = YES;
				CLANG_WARN_STRICT_PROTOTYPES = YES;
				CLANG_WARN_SUSPICIOUS_MOVE = YES;
				CLANG_WARN_UNGUARDED_AVAILABILITY = YES_AGGRESSIVE;
				CLANG_WARN_UNREACHABLE_CODE = YES;
				CLANG_WARN__DUPLICATE_METHOD_MATCH = YES;
				CODE_SIGN_IDENTITY = "iPhone Developer";
				COPY_PHASE_STRIP = NO;
				DEBUG_INFORMATION_FORMAT = "dwarf-with-dsym";
				ENABLE_NS_ASSERTIONS = NO;
				ENABLE_STRICT_OBJC_MSGSEND = YES;
				GCC_C_LANGUAGE_STANDARD = gnu11;
				GCC_NO_COMMON_BLOCKS = YES;
				GCC_WARN_64_TO_32_BIT_CONVERSION = YES;
				GCC_WARN_ABOUT_RETURN_TYPE = YES_ERROR;
				GCC_WARN_UNDECLARED_SELECTOR = YES;
				GCC_WARN_UNINITIALIZED_AUTOS = YES_AGGRESSIVE;
				GCC_WARN_UNUSED_FUNCTION = YES;
				GCC_WARN_UNUSED_VARIABLE = YES;
				IPHONEOS_DEPLOYMENT_TARGET = 11.0;
				MTL_ENABLE_DEBUG_INFO = NO;
				SDKROOT = iphoneos;
				SWIFT_OPTIMIZATION_LEVEL = "-Owholemodule";
				VALIDATE_PRODUCT = YES;
			};
			name = Release;
		};
		DB3CFC281F772E4C0003FAC0 /* Debug */ = {
			isa = XCBuildConfiguration;
			buildSettings = {
				ASSETCATALOG_COMPILER_APPICON_NAME = AppIcon;
				CODE_SIGN_STYLE = Automatic;
				DEVELOPMENT_TEAM = 69BGRT6C4E;
				INFOPLIST_FILE = 24sep/Info.plist;
				LD_RUNPATH_SEARCH_PATHS = "$(inherited) @executable_path/Frameworks";
				PRODUCT_BUNDLE_IDENTIFIER = "com.dilipGurjar.-4sep";
				PRODUCT_NAME = "$(TARGET_NAME)";
				SWIFT_VERSION = 4.0;
				TARGETED_DEVICE_FAMILY = "1,2";
			};
			name = Debug;
		};
		DB3CFC291F772E4C0003FAC0 /* Release */ = {
			isa = XCBuildConfiguration;
			buildSettings = {
				ASSETCATALOG_COMPILER_APPICON_NAME = AppIcon;
				CODE_SIGN_STYLE = Automatic;
				DEVELOPMENT_TEAM = 69BGRT6C4E;
				INFOPLIST_FILE = 24sep/Info.plist;
				LD_RUNPATH_SEARCH_PATHS = "$(inherited) @executable_path/Frameworks";
				PRODUCT_BUNDLE_IDENTIFIER = "com.dilipGurjar.-4sep";
				PRODUCT_NAME = "$(TARGET_NAME)";
				SWIFT_VERSION = 4.0;
				TARGETED_DEVICE_FAMILY = "1,2";
			};
			name = Release;
		};
/* End XCBuildConfiguration section */

/* Begin XCConfigurationList section */
		DB3CFC0D1F772E4B0003FAC0 /* Build configuration list for PBXProject "24sep" */ = {
			isa = XCConfigurationList;
			buildConfigurations = (
				DB3CFC251F772E4C0003FAC0 /* Debug */,
				DB3CFC261F772E4C0003FAC0 /* Release */,
			);
			defaultConfigurationIsVisible = 0;
			defaultConfigurationName = Release;
		};
		DB3CFC271F772E4C0003FAC0 /* Build configuration list for PBXNativeTarget "24sep" */ = {
			isa = XCConfigurationList;
			buildConfigurations = (
				DB3CFC281F772E4C0003FAC0 /* Debug */,
				DB3CFC291F772E4C0003FAC0 /* Release */,
			);
			defaultConfigurationIsVisible = 0;
			defaultConfigurationName = Release;
		};
/* End XCConfigurationList section */

/* Begin XCVersionGroup section */
		DB3CFC1C1F772E4C0003FAC0 /* _4sep.xcdatamodeld */ = {
			isa = XCVersionGroup;
			children = (
				DB3CFC1D1F772E4C0003FAC0 /* _4sep.xcdatamodel */,
			);
			currentVersion = DB3CFC1D1F772E4C0003FAC0 /* _4sep.xcdatamodel */;
			path = _4sep.xcdatamodeld;
			sourceTree = "<group>";
			versionGroupType = wrapper.xcdatamodel;
		};
/* End XCVersionGroup section */
	};
	rootObject = DB3CFC0A1F772E4B0003FAC0 /* Project object */;
}
